
Microsoft Visual Studio Solution File, Format Version 12.00
# Visual Studio Version 17
VisualStudioVersion = 17.7.34024.191
MinimumVisualStudioVersion = 10.0.40219.1
Project("{9A19103F-16F7-4668-BE54-9A1E7A4F7556}") = "SpaceShop", "SpaceShop\SpaceShop.csproj", "{AF3B383E-0398-4C08-8F91-4CAA495B3592}"
EndProject
Project("{9A19103F-16F7-4668-BE54-9A1E7A4F7556}") = "Shop.Data", "Shop.Data\Shop.Data.csproj", "{EBB379D1-7F51-4372-A6F2-4BC7993AD264}"
EndProject
Project("{9A19103F-16F7-4668-BE54-9A1E7A4F7556}") = "Shop.Core", "Shop.Core\Shop.Core.csproj", "{9284CB13-BC02-4871-908B-7A6CA8D2C828}"
EndProject
Project("{9A19103F-16F7-4668-BE54-9A1E7A4F7556}") = "Shop.ApplicationServices", "Shop.ApplicationServices\Shop.ApplicationServices.csproj", "{CDF80468-B626-4370-B8B6-0CC35AB891F5}"
EndProject
Project("{9A19103F-16F7-4668-BE54-9A1E7A4F7556}") = "Shop.Spaceship.Test", "Shop.Spaceship.Test\Shop.Spaceship.Test.csproj", "{7034774B-180D-4C35-A5B8-147A5D9DCBBF}"
EndProject
Project("{9A19103F-16F7-4668-BE54-9A1E7A4F7556}") = "Shop.RealEstate.Test", "Shop.RealEstate.Test\Shop.RealEstate.Test.csproj", "{3EC4F163-E5BE-4327-B8F4-13D647F51413}"
EndProject
Project("{FAE04EC0-301F-11D3-BF4B-00C04F79EFBC}") = "Shop.Kindergarten.Test", "Shop.Kindergarten.Test\Shop.Kindergarten.Test.csproj", "{810ADE71-8D4A-4B08-9BC3-28B4BD7C1097}"
EndProject
Global
	GlobalSection(SolutionConfigurationPlatforms) = preSolution
		Debug|Any CPU = Debug|Any CPU
		Release|Any CPU = Release|Any CPU
	EndGlobalSection
	GlobalSection(ProjectConfigurationPlatforms) = postSolution
		{AF3B383E-0398-4C08-8F91-4CAA495B3592}.Debug|Any CPU.ActiveCfg = Debug|Any CPU
		{AF3B383E-0398-4C08-8F91-4CAA495B3592}.Debug|Any CPU.Build.0 = Debug|Any CPU
		{AF3B383E-0398-4C08-8F91-4CAA495B3592}.Release|Any CPU.ActiveCfg = Release|Any CPU
		{AF3B383E-0398-4C08-8F91-4CAA495B3592}.Release|Any CPU.Build.0 = Release|Any CPU
		{EBB379D1-7F51-4372-A6F2-4BC7993AD264}.Debug|Any CPU.ActiveCfg = Debug|Any CPU
		{EBB379D1-7F51-4372-A6F2-4BC7993AD264}.Debug|Any CPU.Build.0 = Debug|Any CPU
		{EBB379D1-7F51-4372-A6F2-4BC7993AD264}.Release|Any CPU.ActiveCfg = Release|Any CPU
		{EBB379D1-7F51-4372-A6F2-4BC7993AD264}.Release|Any CPU.Build.0 = Release|Any CPU
		{9284CB13-BC02-4871-908B-7A6CA8D2C828}.Debug|Any CPU.ActiveCfg = Debug|Any CPU
		{9284CB13-BC02-4871-908B-7A6CA8D2C828}.Debug|Any CPU.Build.0 = Debug|Any CPU
		{9284CB13-BC02-4871-908B-7A6CA8D2C828}.Release|Any CPU.ActiveCfg = Release|Any CPU
		{9284CB13-BC02-4871-908B-7A6CA8D2C828}.Release|Any CPU.Build.0 = Release|Any CPU
		{CDF80468-B626-4370-B8B6-0CC35AB891F5}.Debug|Any CPU.ActiveCfg = Debug|Any CPU
		{CDF80468-B626-4370-B8B6-0CC35AB891F5}.Debug|Any CPU.Build.0 = Debug|Any CPU
		{CDF80468-B626-4370-B8B6-0CC35AB891F5}.Release|Any CPU.ActiveCfg = Release|Any CPU
		{CDF80468-B626-4370-B8B6-0CC35AB891F5}.Release|Any CPU.Build.0 = Release|Any CPU
		{7034774B-180D-4C35-A5B8-147A5D9DCBBF}.Debug|Any CPU.ActiveCfg = Debug|Any CPU
		{7034774B-180D-4C35-A5B8-147A5D9DCBBF}.Debug|Any CPU.Build.0 = Debug|Any CPU
		{7034774B-180D-4C35-A5B8-147A5D9DCBBF}.Release|Any CPU.ActiveCfg = Release|Any CPU
		{7034774B-180D-4C35-A5B8-147A5D9DCBBF}.Release|Any CPU.Build.0 = Release|Any CPU
		{3EC4F163-E5BE-4327-B8F4-13D647F51413}.Debug|Any CPU.ActiveCfg = Debug|Any CPU
		{3EC4F163-E5BE-4327-B8F4-13D647F51413}.Debug|Any CPU.Build.0 = Debug|Any CPU
		{3EC4F163-E5BE-4327-B8F4-13D647F51413}.Release|Any CPU.ActiveCfg = Release|Any CPU
		{3EC4F163-E5BE-4327-B8F4-13D647F51413}.Release|Any CPU.Build.0 = Release|Any CPU
		{810ADE71-8D4A-4B08-9BC3-28B4BD7C1097}.Debug|Any CPU.ActiveCfg = Debug|Any CPU
		{810ADE71-8D4A-4B08-9BC3-28B4BD7C1097}.Debug|Any CPU.Build.0 = Debug|Any CPU
		{810ADE71-8D4A-4B08-9BC3-28B4BD7C1097}.Release|Any CPU.ActiveCfg = Release|Any CPU
		{810ADE71-8D4A-4B08-9BC3-28B4BD7C1097}.Release|Any CPU.Build.0 = Release|Any CPU
	EndGlobalSection
	GlobalSection(SolutionProperties) = preSolution
		HideSolutionNode = FALSE
	EndGlobalSection
	GlobalSection(ExtensibilityGlobals) = postSolution
		SolutionGuid = {EE59D4AC-221C-4B2D-882A-C973046F240E}
	EndGlobalSection
EndGlobal
